// !$*UTF8*$!
{
	archiveVersion = 1;
	classes = {
	};
	objectVersion = 55;
	objects = {

/* Begin PBXBuildFile section */
		CC4DE4B2285479B8009CC237 /* ProfileView.swift in Sources */ = {isa = PBXBuildFile; fileRef = CC4DE4B1285479B8009CC237 /* ProfileView.swift */; };
		CC4DE4B428547AA4009CC237 /* TourListView.swift in Sources */ = {isa = PBXBuildFile; fileRef = CC4DE4B328547AA4009CC237 /* TourListView.swift */; };
		CC67BE0D285342B4006EB916 /* Wonderful_SulselApp.swift in Sources */ = {isa = PBXBuildFile; fileRef = CC67BE0C285342B4006EB916 /* Wonderful_SulselApp.swift */; };
		CC67BE0F285342B4006EB916 /* ContentView.swift in Sources */ = {isa = PBXBuildFile; fileRef = CC67BE0E285342B4006EB916 /* ContentView.swift */; };
		CC67BE11285342B5006EB916 /* Assets.xcassets in Resources */ = {isa = PBXBuildFile; fileRef = CC67BE10285342B5006EB916 /* Assets.xcassets */; };
		CC67BE14285342B5006EB916 /* Preview Assets.xcassets in Resources */ = {isa = PBXBuildFile; fileRef = CC67BE13285342B5006EB916 /* Preview Assets.xcassets */; };
		CC67CD7328536A3D00C8A63A /* TourModel.swift in Sources */ = {isa = PBXBuildFile; fileRef = CC67CD7228536A3D00C8A63A /* TourModel.swift */; };
		CC67CD752853776500C8A63A /* TourRowView.swift in Sources */ = {isa = PBXBuildFile; fileRef = CC67CD742853776500C8A63A /* TourRowView.swift */; };
		CCE2BBE42853884100739233 /* TourDetailView.swift in Sources */ = {isa = PBXBuildFile; fileRef = CCE2BBE32853884100739233 /* TourDetailView.swift */; };
/* End PBXBuildFile section */

/* Begin PBXFileReference section */
		CC4DE4B1285479B8009CC237 /* ProfileView.swift */ = {isa = PBXFileReference; lastKnownFileType = sourcecode.swift; path = ProfileView.swift; sourceTree = "<group>"; };
		CC4DE4B328547AA4009CC237 /* TourListView.swift */ = {isa = PBXFileReference; lastKnownFileType = sourcecode.swift; path = TourListView.swift; sourceTree = "<group>"; };
		CC67BE09285342B4006EB916 /* Wonderful Sulsel.app */ = {isa = PBXFileReference; explicitFileType = wrapper.application; includeInIndex = 0; path = "Wonderful Sulsel.app"; sourceTree = BUILT_PRODUCTS_DIR; };
		CC67BE0C285342B4006EB916 /* Wonderful_SulselApp.swift */ = {isa = PBXFileReference; lastKnownFileType = sourcecode.swift; path = Wonderful_SulselApp.swift; sourceTree = "<group>"; };
		CC67BE0E285342B4006EB916 /* ContentView.swift */ = {isa = PBXFileReference; lastKnownFileType = sourcecode.swift; path = ContentView.swift; sourceTree = "<group>"; };
		CC67BE10285342B5006EB916 /* Assets.xcassets */ = {isa = PBXFileReference; lastKnownFileType = folder.assetcatalog; path = Assets.xcassets; sourceTree = "<group>"; };
		CC67BE13285342B5006EB916 /* Preview Assets.xcassets */ = {isa = PBXFileReference; lastKnownFileType = folder.assetcatalog; path = "Preview Assets.xcassets"; sourceTree = "<group>"; };
		CC67CD7228536A3D00C8A63A /* TourModel.swift */ = {isa = PBXFileReference; lastKnownFileType = sourcecode.swift; path = TourModel.swift; sourceTree = "<group>"; };
		CC67CD742853776500C8A63A /* TourRowView.swift */ = {isa = PBXFileReference; lastKnownFileType = sourcecode.swift; path = TourRowView.swift; sourceTree = "<group>"; };
		CCE2BBE32853884100739233 /* TourDetailView.swift */ = {isa = PBXFileReference; lastKnownFileType = sourcecode.swift; path = TourDetailView.swift; sourceTree = "<group>"; };
/* End PBXFileReference section */

/* Begin PBXFrameworksBuildPhase section */
		CC67BE06285342B4006EB916 /* Frameworks */ = {
			isa = PBXFrameworksBuildPhase;
			buildActionMask = 2147483647;
			files = (
			);
			runOnlyForDeploymentPostprocessing = 0;
		};
/* End PBXFrameworksBuildPhase section */

/* Begin PBXGroup section */
		CC4DE4B02854797A009CC237 /* Views */ = {
			isa = PBXGroup;
			children = (
				CC67CD742853776500C8A63A /* TourRowView.swift */,
				CCE2BBE32853884100739233 /* TourDetailView.swift */,
				CC4DE4B1285479B8009CC237 /* ProfileView.swift */,
				CC4DE4B328547AA4009CC237 /* TourListView.swift */,
			);
			path = Views;
			sourceTree = "<group>";
		};
		CC67BE00285342B4006EB916 = {
			isa = PBXGroup;
			children = (
				CC67BE0B285342B4006EB916 /* Wonderful Sulsel */,
				CC67BE0A285342B4006EB916 /* Products */,
			);
			sourceTree = "<group>";
		};
		CC67BE0A285342B4006EB916 /* Products */ = {
			isa = PBXGroup;
			children = (
				CC67BE09285342B4006EB916 /* Wonderful Sulsel.app */,
			);
			name = Products;
			sourceTree = "<group>";
		};
		CC67BE0B285342B4006EB916 /* Wonderful Sulsel */ = {
			isa = PBXGroup;
			children = (
				CC4DE4B02854797A009CC237 /* Views */,
				CC67BE0C285342B4006EB916 /* Wonderful_SulselApp.swift */,
				CC67BE0E285342B4006EB916 /* ContentView.swift */,
				CC67BE10285342B5006EB916 /* Assets.xcassets */,
				CC67BE12285342B5006EB916 /* Preview Content */,
				CC67CD7228536A3D00C8A63A /* TourModel.swift */,
			);
			path = "Wonderful Sulsel";
			sourceTree = "<group>";
		};
		CC67BE12285342B5006EB916 /* Preview Content */ = {
			isa = PBXGroup;
			children = (
				CC67BE13285342B5006EB916 /* Preview Assets.xcassets */,
			);
			path = "Preview Content";
			sourceTree = "<group>";
		};
/* End PBXGroup section */

/* Begin PBXNativeTarget section */
		CC67BE08285342B4006EB916 /* Wonderful Sulsel */ = {
			isa = PBXNativeTarget;
			buildConfigurationList = CC67BE17285342B5006EB916 /* Build configuration list for PBXNativeTarget "Wonderful Sulsel" */;
			buildPhases = (
				CC67BE05285342B4006EB916 /* Sources */,
				CC67BE06285342B4006EB916 /* Frameworks */,
				CC67BE07285342B4006EB916 /* Resources */,
			);
			buildRules = (
			);
			dependencies = (
			);
			name = "Wonderful Sulsel";
			productName = "Wonderful Sulsel";
			productReference = CC67BE09285342B4006EB916 /* Wonderful Sulsel.app */;
			productType = "com.apple.product-type.application";
		};
/* End PBXNativeTarget section */

/* Begin PBXProject section */
		CC67BE01285342B4006EB916 /* Project object */ = {
			isa = PBXProject;
			attributes = {
				BuildIndependentTargetsInParallel = 1;
				LastSwiftUpdateCheck = 1340;
				LastUpgradeCheck = 1340;
				TargetAttributes = {
					CC67BE08285342B4006EB916 = {
						CreatedOnToolsVersion = 13.4;
					};
				};
			};
			buildConfigurationList = CC67BE04285342B4006EB916 /* Build configuration list for PBXProject "Wonderful Sulsel" */;
			compatibilityVersion = "Xcode 13.0";
			developmentRegion = en;
			hasScannedForEncodings = 0;
			knownRegions = (
				en,
				Base,
			);
			mainGroup = CC67BE00285342B4006EB916;
			productRefGroup = CC67BE0A285342B4006EB916 /* Products */;
			projectDirPath = "";
			projectRoot = "";
			targets = (
				CC67BE08285342B4006EB916 /* Wonderful Sulsel */,
			);
		};
/* End PBXProject section */

/* Begin PBXResourcesBuildPhase section */
		CC67BE07285342B4006EB916 /* Resources */ = {
			isa = PBXResourcesBuildPhase;
			buildActionMask = 2147483647;
			files = (
				CC67BE14285342B5006EB916 /* Preview Assets.xcassets in Resources */,
				CC67BE11285342B5006EB916 /* Assets.xcassets in Resources */,
			);
			runOnlyForDeploymentPostprocessing = 0;
		};
/* End PBXResourcesBuildPhase section */

/* Begin PBXSourcesBuildPhase section */
		CC67BE05285342B4006EB916 /* Sources */ = {
			isa = PBXSourcesBuildPhase;
			buildActionMask = 2147483647;
			files = (
				CC4DE4B428547AA4009CC237 /* TourListView.swift in Sources */,
				CC67BE0F285342B4006EB916 /* ContentView.swift in Sources */,
				CC67CD752853776500C8A63A /* TourRowView.swift in Sources */,
				CCE2BBE42853884100739233 /* TourDetailView.swift in Sources */,
				CC67CD7328536A3D00C8A63A /* TourModel.swift in Sources */,
				CC4DE4B2285479B8009CC237 /* ProfileView.swift in Sources */,
				CC67BE0D285342B4006EB916 /* Wonderful_SulselApp.swift in Sources */,
			);
			runOnlyForDeploymentPostprocessing = 0;
		};
/* End PBXSourcesBuildPhase section */

/* Begin XCBuildConfiguration section */
		CC67BE15285342B5006EB916 /* Debug */ = {
			isa = XCBuildConfiguration;
			buildSettings = {
				ALWAYS_SEARCH_USER_PATHS = NO;
				CLANG_ANALYZER_NONNULL = YES;
				CLANG_ANALYZER_NUMBER_OBJECT_CONVERSION = YES_AGGRESSIVE;
				CLANG_CXX_LANGUAGE_STANDARD = "gnu++17";
				CLANG_ENABLE_MODULES = YES;
				CLANG_ENABLE_OBJC_ARC = YES;
				CLANG_ENABLE_OBJC_WEAK = YES;
				CLANG_WARN_BLOCK_CAPTURE_AUTORELEASING = YES;
				CLANG_WARN_BOOL_CONVERSION = YES;
				CLANG_WARN_COMMA = YES;
				CLANG_WARN_CONSTANT_CONVERSION = YES;
				CLANG_WARN_DEPRECATED_OBJC_IMPLEMENTATIONS = YES;
				CLANG_WARN_DIRECT_OBJC_ISA_USAGE = YES_ERROR;
				CLANG_WARN_DOCUMENTATION_COMMENTS = YES;
				CLANG_WARN_EMPTY_BODY = YES;
				CLANG_WARN_ENUM_CONVERSION = YES;
				CLANG_WARN_INFINITE_RECURSION = YES;
				CLANG_WARN_INT_CONVERSION = YES;
				CLANG_WARN_NON_LITERAL_NULL_CONVERSION = YES;
				CLANG_WARN_OBJC_IMPLICIT_RETAIN_SELF = YES;
				CLANG_WARN_OBJC_LITERAL_CONVERSION = YES;
				CLANG_WARN_OBJC_ROOT_CLASS = YES_ERROR;
				CLANG_WARN_QUOTED_INCLUDE_IN_FRAMEWORK_HEADER = YES;
				CLANG_WARN_RANGE_LOOP_ANALYSIS = YES;
				CLANG_WARN_STRICT_PROTOTYPES = YES;
				CLANG_WARN_SUSPICIOUS_MOVE = YES;
				CLANG_WARN_UNGUARDED_AVAILABILITY = YES_AGGRESSIVE;
				CLANG_WARN_UNREACHABLE_CODE = YES;
				CLANG_WARN__DUPLICATE_METHOD_MATCH = YES;
				COPY_PHASE_STRIP = NO;
				DEBUG_INFORMATION_FORMAT = dwarf;
				ENABLE_STRICT_OBJC_MSGSEND = YES;
				ENABLE_TESTABILITY = YES;
				GCC_C_LANGUAGE_STANDARD = gnu11;
				GCC_DYNAMIC_NO_PIC = NO;
				GCC_NO_COMMON_BLOCKS = YES;
				GCC_OPTIMIZATION_LEVEL = 0;
				GCC_PREPROCESSOR_DEFINITIONS = (
					"DEBUG=1",
					"$(inherited)",
				);
				GCC_WARN_64_TO_32_BIT_CONVERSION = YES;
				GCC_WARN_ABOUT_RETURN_TYPE = YES_ERROR;
				GCC_WARN_UNDECLARED_SELECTOR = YES;
				GCC_WARN_UNINITIALIZED_AUTOS = YES_AGGRESSIVE;
				GCC_WARN_UNUSED_FUNCTION = YES;
				GCC_WARN_UNUSED_VARIABLE = YES;
				IPHONEOS_DEPLOYMENT_TARGET = 15.5;
				MTL_ENABLE_DEBUG_INFO = INCLUDE_SOURCE;
				MTL_FAST_MATH = YES;
				ONLY_ACTIVE_ARCH = YES;
				SDKROOT = iphoneos;
				SWIFT_ACTIVE_COMPILATION_CONDITIONS = DEBUG;
				SWIFT_OPTIMIZATION_LEVEL = "-Onone";
			};
			name = Debug;
		};
		CC67BE16285342B5006EB916 /* Release */ = {
			isa = XCBuildConfiguration;
			buildSettings = {
				ALWAYS_SEARCH_USER_PATHS = NO;
				CLANG_ANALYZER_NONNULL = YES;
				CLANG_ANALYZER_NUMBER_OBJECT_CONVERSION = YES_AGGRESSIVE;
				CLANG_CXX_LANGUAGE_STANDARD = "gnu++17";
				CLANG_ENABLE_MODULES = YES;
				CLANG_ENABLE_OBJC_ARC = YES;
				CLANG_ENABLE_OBJC_WEAK = YES;
				CLANG_WARN_BLOCK_CAPTURE_AUTORELEASING = YES;
				CLANG_WARN_BOOL_CONVERSION = YES;
				CLANG_WARN_COMMA = YES;
				CLANG_WARN_CONSTANT_CONVERSION = YES;
				CLANG_WARN_DEPRECATED_OBJC_IMPLEMENTATIONS = YES;
				CLANG_WARN_DIRECT_OBJC_ISA_USAGE = YES_ERROR;
				CLANG_WARN_DOCUMENTATION_COMMENTS = YES;
				CLANG_WARN_EMPTY_BODY = YES;
				CLANG_WARN_ENUM_CONVERSION = YES;
				CLANG_WARN_INFINITE_RECURSION = YES;
				CLANG_WARN_INT_CONVERSION = YES;
				CLANG_WARN_NON_LITERAL_NULL_CONVERSION = YES;
				CLANG_WARN_OBJC_IMPLICIT_RETAIN_SELF = YES;
				CLANG_WARN_OBJC_LITERAL_CONVERSION = YES;
				CLANG_WARN_OBJC_ROOT_CLASS = YES_ERROR;
				CLANG_WARN_QUOTED_INCLUDE_IN_FRAMEWORK_HEADER = YES;
				CLANG_WARN_RANGE_LOOP_ANALYSIS = YES;
				CLANG_WARN_STRICT_PROTOTYPES = YES;
				CLANG_WARN_SUSPICIOUS_MOVE = YES;
				CLANG_WARN_UNGUARDED_AVAILABILITY = YES_AGGRESSIVE;
				CLANG_WARN_UNREACHABLE_CODE = YES;
				CLANG_WARN__DUPLICATE_METHOD_MATCH = YES;
				COPY_PHASE_STRIP = NO;
				DEBUG_INFORMATION_FORMAT = "dwarf-with-dsym";
				ENABLE_NS_ASSERTIONS = NO;
				ENABLE_STRICT_OBJC_MSGSEND = YES;
				GCC_C_LANGUAGE_STANDARD = gnu11;
				GCC_NO_COMMON_BLOCKS = YES;
				GCC_WARN_64_TO_32_BIT_CONVERSION = YES;
				GCC_WARN_ABOUT_RETURN_TYPE = YES_ERROR;
				GCC_WARN_UNDECLARED_SELECTOR = YES;
				GCC_WARN_UNINITIALIZED_AUTOS = YES_AGGRESSIVE;
				GCC_WARN_UNUSED_FUNCTION = YES;
				GCC_WARN_UNUSED_VARIABLE = YES;
				IPHONEOS_DEPLOYMENT_TARGET = 15.5;
				MTL_ENABLE_DEBUG_INFO = NO;
				MTL_FAST_MATH = YES;
				SDKROOT = iphoneos;
				SWIFT_COMPILATION_MODE = wholemodule;
				SWIFT_OPTIMIZATION_LEVEL = "-O";
				VALIDATE_PRODUCT = YES;
			};
			name = Release;
		};
		CC67BE18285342B5006EB916 /* Debug */ = {
			isa = XCBuildConfiguration;
			buildSettings = {
				ASSETCATALOG_COMPILER_APPICON_NAME = AppIcon;
				ASSETCATALOG_COMPILER_GLOBAL_ACCENT_COLOR_NAME = AccentColor;
				CODE_SIGN_STYLE = Automatic;
				CURRENT_PROJECT_VERSION = 1;
				DEVELOPMENT_ASSET_PATHS = "\"Wonderful Sulsel/Preview Content\"";
				ENABLE_PREVIEWS = YES;
				GENERATE_INFOPLIST_FILE = YES;
				INFOPLIST_KEY_UIApplicationSceneManifest_Generation = YES;
				INFOPLIST_KEY_UIApplicationSupportsIndirectInputEvents = YES;
				INFOPLIST_KEY_UILaunchScreen_Generation = YES;
				INFOPLIST_KEY_UISupportedInterfaceOrientations_iPad = "UIInterfaceOrientationPortrait UIInterfaceOrientationPortraitUpsideDown UIInterfaceOrientationLandscapeLeft UIInterfaceOrientationLandscapeRight";
				INFOPLIST_KEY_UISupportedInterfaceOrientations_iPhone = "UIInterfaceOrientationPortrait UIInterfaceOrientationLandscapeLeft UIInterfaceOrientationLandscapeRight";
				LD_RUNPATH_SEARCH_PATHS = (
					"$(inherited)",
					"@executable_path/Frameworks",
				);
				MARKETING_VERSION = 1.0;
				PRODUCT_BUNDLE_IDENTIFIER = "com.yusril.Wonderful-Sulsel";
				PRODUCT_NAME = "$(TARGET_NAME)";
				SWIFT_EMIT_LOC_STRINGS = YES;
				SWIFT_VERSION = 5.0;
				TARGETED_DEVICE_FAMILY = "1,2";
			};
			name = Debug;
		};
		CC67BE19285342B5006EB916 /* Release */ = {
			isa = XCBuildConfiguration;
			buildSettings = {
				ASSETCATALOG_COMPILER_APPICON_NAME = AppIcon;
				ASSETCATALOG_COMPILER_GLOBAL_ACCENT_COLOR_NAME = AccentColor;
				CODE_SIGN_STYLE = Automatic;
				CURRENT_PROJECT_VERSION = 1;
				DEVELOPMENT_ASSET_PATHS = "\"Wonderful Sulsel/Preview Content\"";
				ENABLE_PREVIEWS = YES;
				GENERATE_INFOPLIST_FILE = YES;
				INFOPLIST_KEY_UIApplicationSceneManifest_Generation = YES;
				INFOPLIST_KEY_UIApplicationSupportsIndirectInputEvents = YES;
				INFOPLIST_KEY_UILaunchScreen_Generation = YES;
				INFOPLIST_KEY_UISupportedInterfaceOrientations_iPad = "UIInterfaceOrientationPortrait UIInterfaceOrientationPortraitUpsideDown UIInterfaceOrientationLandscapeLeft UIInterfaceOrientationLandscapeRight";
				INFOPLIST_KEY_UISupportedInterfaceOrientations_iPhone = "UIInterfaceOrientationPortrait UIInterfaceOrientationLandscapeLeft UIInterfaceOrientationLandscapeRight";
				LD_RUNPATH_SEARCH_PATHS = (
					"$(inherited)",
					"@executable_path/Frameworks",
				);
				MARKETING_VERSION = 1.0;
				PRODUCT_BUNDLE_IDENTIFIER = "com.yusril.Wonderful-Sulsel";
				PRODUCT_NAME = "$(TARGET_NAME)";
				SWIFT_EMIT_LOC_STRINGS = YES;
				SWIFT_VERSION = 5.0;
				TARGETED_DEVICE_FAMILY = "1,2";
			};
			name = Release;
		};
/* End XCBuildConfiguration section */

/* Begin XCConfigurationList section */
		CC67BE04285342B4006EB916 /* Build configuration list for PBXProject "Wonderful Sulsel" */ = {
			isa = XCConfigurationList;
			buildConfigurations = (
				CC67BE15285342B5006EB916 /* Debug */,
				CC67BE16285342B5006EB916 /* Release */,
			);
			defaultConfigurationIsVisible = 0;
			defaultConfigurationName = Release;
		};
		CC67BE17285342B5006EB916 /* Build configuration list for PBXNativeTarget "Wonderful Sulsel" */ = {
			isa = XCConfigurationList;
			buildConfigurations = (
				CC67BE18285342B5006EB916 /* Debug */,
				CC67BE19285342B5006EB916 /* Release */,
			);
			defaultConfigurationIsVisible = 0;
			defaultConfigurationName = Release;
		};
/* End XCConfigurationList section */
	};
	rootObject = CC67BE01285342B4006EB916 /* Project object */;
}
